
Microsoft Visual Studio Solution File, Format Version 12.00
# Visual Studio 15
VisualStudioVersion = 15.0.28307.779
MinimumVisualStudioVersion = 10.0.40219.1
Project("{FAE04EC0-301F-11D3-BF4B-00C04F79EFBC}") = "469HW3", "469HW3\469HW3.csproj", "{0A04ED07-55DF-4727-B5FF-F00F55186529}"
EndProject
Global
	GlobalSection(SolutionConfigurationPlatforms) = preSolution
		Debug|Any CPU = Debug|Any CPU
		Release|Any CPU = Release|Any CPU
	EndGlobalSection
	GlobalSection(ProjectConfigurationPlatforms) = postSolution
		{0A04ED07-55DF-4727-B5FF-F00F55186529}.Debug|Any CPU.ActiveCfg = Debug|Any CPU
		{0A04ED07-55DF-4727-B5FF-F00F55186529}.Debug|Any CPU.Build.0 = Debug|Any CPU
		{0A04ED07-55DF-4727-B5FF-F00F55186529}.Release|Any CPU.ActiveCfg = Release|Any CPU
		{0A04ED07-55DF-4727-B5FF-F00F55186529}.Release|Any CPU.Build.0 = Release|Any CPU
	EndGlobalSection
	GlobalSection(SolutionProperties) = preSolution
		HideSolutionNode = FALSE
	EndGlobalSection
	GlobalSection(ExtensibilityGlobals) = postSolution
		SolutionGuid = {F1CA2D77-B6C1-40E3-97D9-F3AC6E38F042}
	EndGlobalSection
EndGlobal
